// !$*UTF8*$!
{
	archiveVersion = 1;
	classes = {
	};
	objectVersion = 77;
	objects = {

/* Begin PBXBuildFile section */
		7D247D012E7C333B00DF9254 /* MNLogger in Frameworks */ = {isa = PBXBuildFile; productRef = 7D247D002E7C333B00DF9254 /* MNLogger */; };
		7D247D042E7C64AB00DF9254 /* MNLogger in Frameworks */ = {isa = PBXBuildFile; productRef = 7D247D032E7C64AB00DF9254 /* MNLogger */; };
/* End PBXBuildFile section */

/* Begin PBXContainerItemProxy section */
		7D247CE12E7C313600DF9254 /* PBXContainerItemProxy */ = {
			isa = PBXContainerItemProxy;
			containerPortal = 7D247CC22E7C313500DF9254 /* Project object */;
			proxyType = 1;
			remoteGlobalIDString = 7D247CC92E7C313500DF9254;
			remoteInfo = MNLoggerApp;
		};
		7D247CEB2E7C313600DF9254 /* PBXContainerItemProxy */ = {
			isa = PBXContainerItemProxy;
			containerPortal = 7D247CC22E7C313500DF9254 /* Project object */;
			proxyType = 1;
			remoteGlobalIDString = 7D247CC92E7C313500DF9254;
			remoteInfo = MNLoggerApp;
		};
/* End PBXContainerItemProxy section */

/* Begin PBXFileReference section */
		7D247CCA2E7C313500DF9254 /* MNLoggerApp.app */ = {isa = PBXFileReference; explicitFileType = wrapper.application; includeInIndex = 0; path = MNLoggerApp.app; sourceTree = BUILT_PRODUCTS_DIR; };
		7D247CE02E7C313600DF9254 /* MNLoggerAppTests.xctest */ = {isa = PBXFileReference; explicitFileType = wrapper.cfbundle; includeInIndex = 0; path = MNLoggerAppTests.xctest; sourceTree = BUILT_PRODUCTS_DIR; };
		7D247CEA2E7C313600DF9254 /* MNLoggerAppUITests.xctest */ = {isa = PBXFileReference; explicitFileType = wrapper.cfbundle; includeInIndex = 0; path = MNLoggerAppUITests.xctest; sourceTree = BUILT_PRODUCTS_DIR; };
/* End PBXFileReference section */

/* Begin PBXFileSystemSynchronizedBuildFileExceptionSet section */
		7D247CF22E7C313600DF9254 /* Exceptions for "MNLoggerApp" folder in "MNLoggerApp" target */ = {
			isa = PBXFileSystemSynchronizedBuildFileExceptionSet;
			membershipExceptions = (
				Info.plist,
			);
			target = 7D247CC92E7C313500DF9254 /* MNLoggerApp */;
		};
/* End PBXFileSystemSynchronizedBuildFileExceptionSet section */

/* Begin PBXFileSystemSynchronizedRootGroup section */
		7D247CCC2E7C313500DF9254 /* MNLoggerApp */ = {
			isa = PBXFileSystemSynchronizedRootGroup;
			exceptions = (
				7D247CF22E7C313600DF9254 /* Exceptions for "MNLoggerApp" folder in "MNLoggerApp" target */,
			);
			path = MNLoggerApp;
			sourceTree = "<group>";
		};
		7D247CE32E7C313600DF9254 /* MNLoggerAppTests */ = {
			isa = PBXFileSystemSynchronizedRootGroup;
			path = MNLoggerAppTests;
			sourceTree = "<group>";
		};
		7D247CED2E7C313600DF9254 /* MNLoggerAppUITests */ = {
			isa = PBXFileSystemSynchronizedRootGroup;
			path = MNLoggerAppUITests;
			sourceTree = "<group>";
		};
/* End PBXFileSystemSynchronizedRootGroup section */

/* Begin PBXFrameworksBuildPhase section */
		7D247CC72E7C313500DF9254 /* Frameworks */ = {
			isa = PBXFrameworksBuildPhase;
			buildActionMask = 2147483647;
			files = (
				7D247D012E7C333B00DF9254 /* MNLogger in Frameworks */,
				7D247D042E7C64AB00DF9254 /* MNLogger in Frameworks */,
			);
			runOnlyForDeploymentPostprocessing = 0;
		};
		7D247CDD2E7C313600DF9254 /* Frameworks */ = {
			isa = PBXFrameworksBuildPhase;
			buildActionMask = 2147483647;
			files = (
			);
			runOnlyForDeploymentPostprocessing = 0;
		};
		7D247CE72E7C313600DF9254 /* Frameworks */ = {
			isa = PBXFrameworksBuildPhase;
			buildActionMask = 2147483647;
			files = (
			);
			runOnlyForDeploymentPostprocessing = 0;
		};
/* End PBXFrameworksBuildPhase section */

/* Begin PBXGroup section */
		7D247CC12E7C313500DF9254 = {
			isa = PBXGroup;
			children = (
				7D247CCC2E7C313500DF9254 /* MNLoggerApp */,
				7D247CE32E7C313600DF9254 /* MNLoggerAppTests */,
				7D247CED2E7C313600DF9254 /* MNLoggerAppUITests */,
				7D247CCB2E7C313500DF9254 /* Products */,
			);
			sourceTree = "<group>";
		};
		7D247CCB2E7C313500DF9254 /* Products */ = {
			isa = PBXGroup;
			children = (
				7D247CCA2E7C313500DF9254 /* MNLoggerApp.app */,
				7D247CE02E7C313600DF9254 /* MNLoggerAppTests.xctest */,
				7D247CEA2E7C313600DF9254 /* MNLoggerAppUITests.xctest */,
			);
			name = Products;
			sourceTree = "<group>";
		};
/* End PBXGroup section */

/* Begin PBXNativeTarget section */
		7D247CC92E7C313500DF9254 /* MNLoggerApp */ = {
			isa = PBXNativeTarget;
			buildConfigurationList = 7D247CF32E7C313600DF9254 /* Build configuration list for PBXNativeTarget "MNLoggerApp" */;
			buildPhases = (
				7D247CC62E7C313500DF9254 /* Sources */,
				7D247CC72E7C313500DF9254 /* Frameworks */,
				7D247CC82E7C313500DF9254 /* Resources */,
			);
			buildRules = (
			);
			dependencies = (
			);
			fileSystemSynchronizedGroups = (
				7D247CCC2E7C313500DF9254 /* MNLoggerApp */,
			);
			name = MNLoggerApp;
			packageProductDependencies = (
				7D247D002E7C333B00DF9254 /* MNLogger */,
				7D247D032E7C64AB00DF9254 /* MNLogger */,
			);
			productName = MNLoggerApp;
			productReference = 7D247CCA2E7C313500DF9254 /* MNLoggerApp.app */;
			productType = "com.apple.product-type.application";
		};
		7D247CDF2E7C313600DF9254 /* MNLoggerAppTests */ = {
			isa = PBXNativeTarget;
			buildConfigurationList = 7D247CF82E7C313600DF9254 /* Build configuration list for PBXNativeTarget "MNLoggerAppTests" */;
			buildPhases = (
				7D247CDC2E7C313600DF9254 /* Sources */,
				7D247CDD2E7C313600DF9254 /* Frameworks */,
				7D247CDE2E7C313600DF9254 /* Resources */,
			);
			buildRules = (
			);
			dependencies = (
				7D247CE22E7C313600DF9254 /* PBXTargetDependency */,
			);
			fileSystemSynchronizedGroups = (
				7D247CE32E7C313600DF9254 /* MNLoggerAppTests */,
			);
			name = MNLoggerAppTests;
			packageProductDependencies = (
			);
			productName = MNLoggerAppTests;
			productReference = 7D247CE02E7C313600DF9254 /* MNLoggerAppTests.xctest */;
			productType = "com.apple.product-type.bundle.unit-test";
		};
		7D247CE92E7C313600DF9254 /* MNLoggerAppUITests */ = {
			isa = PBXNativeTarget;
			buildConfigurationList = 7D247CFB2E7C313600DF9254 /* Build configuration list for PBXNativeTarget "MNLoggerAppUITests" */;
			buildPhases = (
				7D247CE62E7C313600DF9254 /* Sources */,
				7D247CE72E7C313600DF9254 /* Frameworks */,
				7D247CE82E7C313600DF9254 /* Resources */,
			);
			buildRules = (
			);
			dependencies = (
				7D247CEC2E7C313600DF9254 /* PBXTargetDependency */,
			);
			fileSystemSynchronizedGroups = (
				7D247CED2E7C313600DF9254 /* MNLoggerAppUITests */,
			);
			name = MNLoggerAppUITests;
			packageProductDependencies = (
			);
			productName = MNLoggerAppUITests;
			productReference = 7D247CEA2E7C313600DF9254 /* MNLoggerAppUITests.xctest */;
			productType = "com.apple.product-type.bundle.ui-testing";
		};
/* End PBXNativeTarget section */

/* Begin PBXProject section */
		7D247CC22E7C313500DF9254 /* Project object */ = {
			isa = PBXProject;
			attributes = {
				BuildIndependentTargetsInParallel = 1;
				LastSwiftUpdateCheck = 1630;
				LastUpgradeCheck = 1630;
				TargetAttributes = {
					7D247CC92E7C313500DF9254 = {
						CreatedOnToolsVersion = 16.3;
					};
					7D247CDF2E7C313600DF9254 = {
						CreatedOnToolsVersion = 16.3;
						TestTargetID = 7D247CC92E7C313500DF9254;
					};
					7D247CE92E7C313600DF9254 = {
						CreatedOnToolsVersion = 16.3;
						TestTargetID = 7D247CC92E7C313500DF9254;
					};
				};
			};
			buildConfigurationList = 7D247CC52E7C313500DF9254 /* Build configuration list for PBXProject "MNLoggerApp" */;
			developmentRegion = en;
			hasScannedForEncodings = 0;
			knownRegions = (
				en,
				Base,
			);
			mainGroup = 7D247CC12E7C313500DF9254;
			minimizedProjectReferenceProxies = 1;
			packageReferences = (
				7D247CFE2E7C317600DF9254 /* XCRemoteSwiftPackageReference "swift-algorithms" */,
				7D247D022E7C64AB00DF9254 /* XCLocalSwiftPackageReference "../MNLogger" */,
			);
			preferredProjectObjectVersion = 77;
			productRefGroup = 7D247CCB2E7C313500DF9254 /* Products */;
			projectDirPath = "";
			projectRoot = "";
			targets = (
				7D247CC92E7C313500DF9254 /* MNLoggerApp */,
				7D247CDF2E7C313600DF9254 /* MNLoggerAppTests */,
				7D247CE92E7C313600DF9254 /* MNLoggerAppUITests */,
			);
		};
/* End PBXProject section */

/* Begin PBXResourcesBuildPhase section */
		7D247CC82E7C313500DF9254 /* Resources */ = {
			isa = PBXResourcesBuildPhase;
			buildActionMask = 2147483647;
			files = (
			);
			runOnlyForDeploymentPostprocessing = 0;
		};
		7D247CDE2E7C313600DF9254 /* Resources */ = {
			isa = PBXResourcesBuildPhase;
			buildActionMask = 2147483647;
			files = (
			);
			runOnlyForDeploymentPostprocessing = 0;
		};
		7D247CE82E7C313600DF9254 /* Resources */ = {
			isa = PBXResourcesBuildPhase;
			buildActionMask = 2147483647;
			files = (
			);
			runOnlyForDeploymentPostprocessing = 0;
		};
/* End PBXResourcesBuildPhase section */

/* Begin PBXSourcesBuildPhase section */
		7D247CC62E7C313500DF9254 /* Sources */ = {
			isa = PBXSourcesBuildPhase;
			buildActionMask = 2147483647;
			files = (
			);
			runOnlyForDeploymentPostprocessing = 0;
		};
		7D247CDC2E7C313600DF9254 /* Sources */ = {
			isa = PBXSourcesBuildPhase;
			buildActionMask = 2147483647;
			files = (
			);
			runOnlyForDeploymentPostprocessing = 0;
		};
		7D247CE62E7C313600DF9254 /* Sources */ = {
			isa = PBXSourcesBuildPhase;
			buildActionMask = 2147483647;
			files = (
			);
			runOnlyForDeploymentPostprocessing = 0;
		};
/* End PBXSourcesBuildPhase section */

/* Begin PBXTargetDependency section */
		7D247CE22E7C313600DF9254 /* PBXTargetDependency */ = {
			isa = PBXTargetDependency;
			target = 7D247CC92E7C313500DF9254 /* MNLoggerApp */;
			targetProxy = 7D247CE12E7C313600DF9254 /* PBXContainerItemProxy */;
		};
		7D247CEC2E7C313600DF9254 /* PBXTargetDependency */ = {
			isa = PBXTargetDependency;
			target = 7D247CC92E7C313500DF9254 /* MNLoggerApp */;
			targetProxy = 7D247CEB2E7C313600DF9254 /* PBXContainerItemProxy */;
		};
/* End PBXTargetDependency section */

/* Begin XCBuildConfiguration section */
		7D247CF42E7C313600DF9254 /* Debug */ = {
			isa = XCBuildConfiguration;
			buildSettings = {
				ASSETCATALOG_COMPILER_APPICON_NAME = AppIcon;
				ASSETCATALOG_COMPILER_GLOBAL_ACCENT_COLOR_NAME = AccentColor;
				CODE_SIGN_STYLE = Automatic;
				CURRENT_PROJECT_VERSION = 1;
				GENERATE_INFOPLIST_FILE = YES;
				INFOPLIST_FILE = MNLoggerApp/Info.plist;
				INFOPLIST_KEY_UIApplicationSupportsIndirectInputEvents = YES;
				INFOPLIST_KEY_UILaunchStoryboardName = LaunchScreen;
				INFOPLIST_KEY_UIMainStoryboardFile = Main;
				INFOPLIST_KEY_UISupportedInterfaceOrientations_iPad = "UIInterfaceOrientationPortrait UIInterfaceOrientationPortraitUpsideDown UIInterfaceOrientationLandscapeLeft UIInterfaceOrientationLandscapeRight";
				INFOPLIST_KEY_UISupportedInterfaceOrientations_iPhone = "UIInterfaceOrientationPortrait UIInterfaceOrientationLandscapeLeft UIInterfaceOrientationLandscapeRight";
				LD_RUNPATH_SEARCH_PATHS = (
					"$(inherited)",
					"@executable_path/Frameworks",
				);
				MARKETING_VERSION = 1.0;
				PRODUCT_BUNDLE_IDENTIFIER = com.sniper.tool.MNLoggerApp;
				PRODUCT_NAME = "$(TARGET_NAME)";
				SWIFT_EMIT_LOC_STRINGS = YES;
				SWIFT_VERSION = 5.0;
				TARGETED_DEVICE_FAMILY = "1,2";
			};
			name = Debug;
		};
		7D247CF52E7C313600DF9254 /* Release */ = {
			isa = XCBuildConfiguration;
			buildSettings = {
				ASSETCATALOG_COMPILER_APPICON_NAME = AppIcon;
				ASSETCATALOG_COMPILER_GLOBAL_ACCENT_COLOR_NAME = AccentColor;
				CODE_SIGN_STYLE = Automatic;
				CURRENT_PROJECT_VERSION = 1;
				GENERATE_INFOPLIST_FILE = YES;
				INFOPLIST_FILE = MNLoggerApp/Info.plist;
				INFOPLIST_KEY_UIApplicationSupportsIndirectInputEvents = YES;
				INFOPLIST_KEY_UILaunchStoryboardName = LaunchScreen;
				INFOPLIST_KEY_UIMainStoryboardFile = Main;
				INFOPLIST_KEY_UISupportedInterfaceOrientations_iPad = "UIInterfaceOrientationPortrait UIInterfaceOrientationPortraitUpsideDown UIInterfaceOrientationLandscapeLeft UIInterfaceOrientationLandscapeRight";
				INFOPLIST_KEY_UISupportedInterfaceOrientations_iPhone = "UIInterfaceOrientationPortrait UIInterfaceOrientationLandscapeLeft UIInterfaceOrientationLandscapeRight";
				LD_RUNPATH_SEARCH_PATHS = (
					"$(inherited)",
					"@executable_path/Frameworks",
				);
				MARKETING_VERSION = 1.0;
				PRODUCT_BUNDLE_IDENTIFIER = com.sniper.tool.MNLoggerApp;
				PRODUCT_NAME = "$(TARGET_NAME)";
				SWIFT_EMIT_LOC_STRINGS = YES;
				SWIFT_VERSION = 5.0;
				TARGETED_DEVICE_FAMILY = "1,2";
			};
			name = Release;
		};
		7D247CF62E7C313600DF9254 /* Debug */ = {
			isa = XCBuildConfiguration;
			buildSettings = {
				ALWAYS_SEARCH_USER_PATHS = NO;
				ASSETCATALOG_COMPILER_GENERATE_SWIFT_ASSET_SYMBOL_EXTENSIONS = YES;
				CLANG_ANALYZER_NONNULL = YES;
				CLANG_ANALYZER_NUMBER_OBJECT_CONVERSION = YES_AGGRESSIVE;
				CLANG_CXX_LANGUAGE_STANDARD = "gnu++20";
				CLANG_ENABLE_MODULES = YES;
				CLANG_ENABLE_OBJC_ARC = YES;
				CLANG_ENABLE_OBJC_WEAK = YES;
				CLANG_WARN_BLOCK_CAPTURE_AUTORELEASING = YES;
				CLANG_WARN_BOOL_CONVERSION = YES;
				CLANG_WARN_COMMA = YES;
				CLANG_WARN_CONSTANT_CONVERSION = YES;
				CLANG_WARN_DEPRECATED_OBJC_IMPLEMENTATIONS = YES;
				CLANG_WARN_DIRECT_OBJC_ISA_USAGE = YES_ERROR;
				CLANG_WARN_DOCUMENTATION_COMMENTS = YES;
				CLANG_WARN_EMPTY_BODY = YES;
				CLANG_WARN_ENUM_CONVERSION = YES;
				CLANG_WARN_INFINITE_RECURSION = YES;
				CLANG_WARN_INT_CONVERSION = YES;
				CLANG_WARN_NON_LITERAL_NULL_CONVERSION = YES;
				CLANG_WARN_OBJC_IMPLICIT_RETAIN_SELF = YES;
				CLANG_WARN_OBJC_LITERAL_CONVERSION = YES;
				CLANG_WARN_OBJC_ROOT_CLASS = YES_ERROR;
				CLANG_WARN_QUOTED_INCLUDE_IN_FRAMEWORK_HEADER = YES;
				CLANG_WARN_RANGE_LOOP_ANALYSIS = YES;
				CLANG_WARN_STRICT_PROTOTYPES = YES;
				CLANG_WARN_SUSPICIOUS_MOVE = YES;
				CLANG_WARN_UNGUARDED_AVAILABILITY = YES_AGGRESSIVE;
				CLANG_WARN_UNREACHABLE_CODE = YES;
				CLANG_WARN__DUPLICATE_METHOD_MATCH = YES;
				COPY_PHASE_STRIP = NO;
				DEBUG_INFORMATION_FORMAT = dwarf;
				ENABLE_STRICT_OBJC_MSGSEND = YES;
				ENABLE_TESTABILITY = YES;
				ENABLE_USER_SCRIPT_SANDBOXING = YES;
				GCC_C_LANGUAGE_STANDARD = gnu17;
				GCC_DYNAMIC_NO_PIC = NO;
				GCC_NO_COMMON_BLOCKS = YES;
				GCC_OPTIMIZATION_LEVEL = 0;
				GCC_PREPROCESSOR_DEFINITIONS = (
					"DEBUG=1",
					"$(inherited)",
				);
				GCC_WARN_64_TO_32_BIT_CONVERSION = YES;
				GCC_WARN_ABOUT_RETURN_TYPE = YES_ERROR;
				GCC_WARN_UNDECLARED_SELECTOR = YES;
				GCC_WARN_UNINITIALIZED_AUTOS = YES_AGGRESSIVE;
				GCC_WARN_UNUSED_FUNCTION = YES;
				GCC_WARN_UNUSED_VARIABLE = YES;
				IPHONEOS_DEPLOYMENT_TARGET = 18.4;
				LOCALIZATION_PREFERS_STRING_CATALOGS = YES;
				MTL_ENABLE_DEBUG_INFO = INCLUDE_SOURCE;
				MTL_FAST_MATH = YES;
				ONLY_ACTIVE_ARCH = YES;
				SDKROOT = iphoneos;
				SWIFT_ACTIVE_COMPILATION_CONDITIONS = "DEBUG $(inherited)";
				SWIFT_OPTIMIZATION_LEVEL = "-Onone";
			};
			name = Debug;
		};
		7D247CF72E7C313600DF9254 /* Release */ = {
			isa = XCBuildConfiguration;
			buildSettings = {
				ALWAYS_SEARCH_USER_PATHS = NO;
				ASSETCATALOG_COMPILER_GENERATE_SWIFT_ASSET_SYMBOL_EXTENSIONS = YES;
				CLANG_ANALYZER_NONNULL = YES;
				CLANG_ANALYZER_NUMBER_OBJECT_CONVERSION = YES_AGGRESSIVE;
				CLANG_CXX_LANGUAGE_STANDARD = "gnu++20";
				CLANG_ENABLE_MODULES = YES;
				CLANG_ENABLE_OBJC_ARC = YES;
				CLANG_ENABLE_OBJC_WEAK = YES;
				CLANG_WARN_BLOCK_CAPTURE_AUTORELEASING = YES;
				CLANG_WARN_BOOL_CONVERSION = YES;
				CLANG_WARN_COMMA = YES;
				CLANG_WARN_CONSTANT_CONVERSION = YES;
				CLANG_WARN_DEPRECATED_OBJC_IMPLEMENTATIONS = YES;
				CLANG_WARN_DIRECT_OBJC_ISA_USAGE = YES_ERROR;
				CLANG_WARN_DOCUMENTATION_COMMENTS = YES;
				CLANG_WARN_EMPTY_BODY = YES;
				CLANG_WARN_ENUM_CONVERSION = YES;
				CLANG_WARN_INFINITE_RECURSION = YES;
				CLANG_WARN_INT_CONVERSION = YES;
				CLANG_WARN_NON_LITERAL_NULL_CONVERSION = YES;
				CLANG_WARN_OBJC_IMPLICIT_RETAIN_SELF = YES;
				CLANG_WARN_OBJC_LITERAL_CONVERSION = YES;
				CLANG_WARN_OBJC_ROOT_CLASS = YES_ERROR;
				CLANG_WARN_QUOTED_INCLUDE_IN_FRAMEWORK_HEADER = YES;
				CLANG_WARN_RANGE_LOOP_ANALYSIS = YES;
				CLANG_WARN_STRICT_PROTOTYPES = YES;
				CLANG_WARN_SUSPICIOUS_MOVE = YES;
				CLANG_WARN_UNGUARDED_AVAILABILITY = YES_AGGRESSIVE;
				CLANG_WARN_UNREACHABLE_CODE = YES;
				CLANG_WARN__DUPLICATE_METHOD_MATCH = YES;
				COPY_PHASE_STRIP = NO;
				DEBUG_INFORMATION_FORMAT = "dwarf-with-dsym";
				ENABLE_NS_ASSERTIONS = NO;
				ENABLE_STRICT_OBJC_MSGSEND = YES;
				ENABLE_USER_SCRIPT_SANDBOXING = YES;
				GCC_C_LANGUAGE_STANDARD = gnu17;
				GCC_NO_COMMON_BLOCKS = YES;
				GCC_WARN_64_TO_32_BIT_CONVERSION = YES;
				GCC_WARN_ABOUT_RETURN_TYPE = YES_ERROR;
				GCC_WARN_UNDECLARED_SELECTOR = YES;
				GCC_WARN_UNINITIALIZED_AUTOS = YES_AGGRESSIVE;
				GCC_WARN_UNUSED_FUNCTION = YES;
				GCC_WARN_UNUSED_VARIABLE = YES;
				IPHONEOS_DEPLOYMENT_TARGET = 18.4;
				LOCALIZATION_PREFERS_STRING_CATALOGS = YES;
				MTL_ENABLE_DEBUG_INFO = NO;
				MTL_FAST_MATH = YES;
				SDKROOT = iphoneos;
				SWIFT_COMPILATION_MODE = wholemodule;
				VALIDATE_PRODUCT = YES;
			};
			name = Release;
		};
		7D247CF92E7C313600DF9254 /* Debug */ = {
			isa = XCBuildConfiguration;
			buildSettings = {
				BUNDLE_LOADER = "$(TEST_HOST)";
				CODE_SIGN_STYLE = Automatic;
				CURRENT_PROJECT_VERSION = 1;
				GENERATE_INFOPLIST_FILE = YES;
				IPHONEOS_DEPLOYMENT_TARGET = 18.4;
				MARKETING_VERSION = 1.0;
				PRODUCT_BUNDLE_IDENTIFIER = com.sniper.tool.MNLoggerAppTests;
				PRODUCT_NAME = "$(TARGET_NAME)";
				SWIFT_EMIT_LOC_STRINGS = NO;
				SWIFT_VERSION = 5.0;
				TARGETED_DEVICE_FAMILY = "1,2";
				TEST_HOST = "$(BUILT_PRODUCTS_DIR)/MNLoggerApp.app/$(BUNDLE_EXECUTABLE_FOLDER_PATH)/MNLoggerApp";
			};
			name = Debug;
		};
		7D247CFA2E7C313600DF9254 /* Release */ = {
			isa = XCBuildConfiguration;
			buildSettings = {
				BUNDLE_LOADER = "$(TEST_HOST)";
				CODE_SIGN_STYLE = Automatic;
				CURRENT_PROJECT_VERSION = 1;
				GENERATE_INFOPLIST_FILE = YES;
				IPHONEOS_DEPLOYMENT_TARGET = 18.4;
				MARKETING_VERSION = 1.0;
				PRODUCT_BUNDLE_IDENTIFIER = com.sniper.tool.MNLoggerAppTests;
				PRODUCT_NAME = "$(TARGET_NAME)";
				SWIFT_EMIT_LOC_STRINGS = NO;
				SWIFT_VERSION = 5.0;
				TARGETED_DEVICE_FAMILY = "1,2";
				TEST_HOST = "$(BUILT_PRODUCTS_DIR)/MNLoggerApp.app/$(BUNDLE_EXECUTABLE_FOLDER_PATH)/MNLoggerApp";
			};
			name = Release;
		};
		7D247CFC2E7C313600DF9254 /* Debug */ = {
			isa = XCBuildConfiguration;
			buildSettings = {
				CODE_SIGN_STYLE = Automatic;
				CURRENT_PROJECT_VERSION = 1;
				GENERATE_INFOPLIST_FILE = YES;
				MARKETING_VERSION = 1.0;
				PRODUCT_BUNDLE_IDENTIFIER = com.sniper.tool.MNLoggerAppUITests;
				PRODUCT_NAME = "$(TARGET_NAME)";
				SWIFT_EMIT_LOC_STRINGS = NO;
				SWIFT_VERSION = 5.0;
				TARGETED_DEVICE_FAMILY = "1,2";
				TEST_TARGET_NAME = MNLoggerApp;
			};
			name = Debug;
		};
		7D247CFD2E7C313600DF9254 /* Release */ = {
			isa = XCBuildConfiguration;
			buildSettings = {
				CODE_SIGN_STYLE = Automatic;
				CURRENT_PROJECT_VERSION = 1;
				GENERATE_INFOPLIST_FILE = YES;
				MARKETING_VERSION = 1.0;
				PRODUCT_BUNDLE_IDENTIFIER = com.sniper.tool.MNLoggerAppUITests;
				PRODUCT_NAME = "$(TARGET_NAME)";
				SWIFT_EMIT_LOC_STRINGS = NO;
				SWIFT_VERSION = 5.0;
				TARGETED_DEVICE_FAMILY = "1,2";
				TEST_TARGET_NAME = MNLoggerApp;
			};
			name = Release;
		};
/* End XCBuildConfiguration section */

/* Begin XCConfigurationList section */
		7D247CC52E7C313500DF9254 /* Build configuration list for PBXProject "MNLoggerApp" */ = {
			isa = XCConfigurationList;
			buildConfigurations = (
				7D247CF62E7C313600DF9254 /* Debug */,
				7D247CF72E7C313600DF9254 /* Release */,
			);
			defaultConfigurationIsVisible = 0;
			defaultConfigurationName = Release;
		};
		7D247CF32E7C313600DF9254 /* Build configuration list for PBXNativeTarget "MNLoggerApp" */ = {
			isa = XCConfigurationList;
			buildConfigurations = (
				7D247CF42E7C313600DF9254 /* Debug */,
				7D247CF52E7C313600DF9254 /* Release */,
			);
			defaultConfigurationIsVisible = 0;
			defaultConfigurationName = Release;
		};
		7D247CF82E7C313600DF9254 /* Build configuration list for PBXNativeTarget "MNLoggerAppTests" */ = {
			isa = XCConfigurationList;
			buildConfigurations = (
				7D247CF92E7C313600DF9254 /* Debug */,
				7D247CFA2E7C313600DF9254 /* Release */,
			);
			defaultConfigurationIsVisible = 0;
			defaultConfigurationName = Release;
		};
		7D247CFB2E7C313600DF9254 /* Build configuration list for PBXNativeTarget "MNLoggerAppUITests" */ = {
			isa = XCConfigurationList;
			buildConfigurations = (
				7D247CFC2E7C313600DF9254 /* Debug */,
				7D247CFD2E7C313600DF9254 /* Release */,
			);
			defaultConfigurationIsVisible = 0;
			defaultConfigurationName = Release;
		};
/* End XCConfigurationList section */

/* Begin XCLocalSwiftPackageReference section */
		7D247D022E7C64AB00DF9254 /* XCLocalSwiftPackageReference "../MNLogger" */ = {
			isa = XCLocalSwiftPackageReference;
			relativePath = ../MNLogger;
		};
/* End XCLocalSwiftPackageReference section */

/* Begin XCRemoteSwiftPackageReference section */
		7D247CFE2E7C317600DF9254 /* XCRemoteSwiftPackageReference "swift-algorithms" */ = {
			isa = XCRemoteSwiftPackageReference;
			repositoryURL = "https://github.com/apple/swift-algorithms.git";
			requirement = {
				kind = upToNextMajorVersion;
				minimumVersion = 1.2.1;
			};
		};
/* End XCRemoteSwiftPackageReference section */

/* Begin XCSwiftPackageProductDependency section */
		7D247D002E7C333B00DF9254 /* MNLogger */ = {
			isa = XCSwiftPackageProductDependency;
			productName = MNLogger;
		};
		7D247D032E7C64AB00DF9254 /* MNLogger */ = {
			isa = XCSwiftPackageProductDependency;
			productName = MNLogger;
		};
/* End XCSwiftPackageProductDependency section */
	};
	rootObject = 7D247CC22E7C313500DF9254 /* Project object */;
}
