// !$*UTF8*$!
{
	archiveVersion = 1;
	classes = {
	};
	objectVersion = 77;
	objects = {

/* Begin PBXContainerItemProxy section */
		7D9628CB304A488700F9F7E5 /* PBXContainerItemProxy */ = {
			isa = PBXContainerItemProxy;
			containerPortal = 7D9628A7304A488600F9F7E5 /* Project object */;
			proxyType = 1;
			remoteGlobalIDString = 7D9628AE304A488600F9F7E5;
			remoteInfo = SNPVoiceComponent;
		};
		7D9628D5304A488700F9F7E5 /* PBXContainerItemProxy */ = {
			isa = PBXContainerItemProxy;
			containerPortal = 7D9628A7304A488600F9F7E5 /* Project object */;
			proxyType = 1;
			remoteGlobalIDString = 7D9628AE304A488600F9F7E5;
			remoteInfo = SNPVoiceComponent;
		};
/* End PBXContainerItemProxy section */

/* Begin PBXFileReference section */
		7D9628AF304A488600F9F7E5 /* SNPVoiceComponent.app */ = {isa = PBXFileReference; explicitFileType = wrapper.application; includeInIndex = 0; path = SNPVoiceComponent.app; sourceTree = BUILT_PRODUCTS_DIR; };
		7D9628CA304A488700F9F7E5 /* SNPVoiceComponentTests.xctest */ = {isa = PBXFileReference; explicitFileType = wrapper.cfbundle; includeInIndex = 0; path = SNPVoiceComponentTests.xctest; sourceTree = BUILT_PRODUCTS_DIR; };
		7D9628D4304A488700F9F7E5 /* SNPVoiceComponentUITests.xctest */ = {isa = PBXFileReference; explicitFileType = wrapper.cfbundle; includeInIndex = 0; path = SNPVoiceComponentUITests.xctest; sourceTree = BUILT_PRODUCTS_DIR; };
/* End PBXFileReference section */

/* Begin PBXFileSystemSynchronizedBuildFileExceptionSet section */
		7D9628DC304A488700F9F7E5 /* Exceptions for "SNPVoiceComponent" folder in "SNPVoiceComponent" target */ = {
			isa = PBXFileSystemSynchronizedBuildFileExceptionSet;
			membershipExceptions = (
				Info.plist,
			);
			target = 7D9628AE304A488600F9F7E5 /* SNPVoiceComponent */;
		};
/* End PBXFileSystemSynchronizedBuildFileExceptionSet section */

/* Begin PBXFileSystemSynchronizedRootGroup section */
		7D9628B1304A488600F9F7E5 /* SNPVoiceComponent */ = {
			isa = PBXFileSystemSynchronizedRootGroup;
			exceptions = (
				7D9628DC304A488700F9F7E5 /* Exceptions for "SNPVoiceComponent" folder in "SNPVoiceComponent" target */,
			);
			path = SNPVoiceComponent;
			sourceTree = "<group>";
		};
		7D9628CD304A488700F9F7E5 /* SNPVoiceComponentTests */ = {
			isa = PBXFileSystemSynchronizedRootGroup;
			path = SNPVoiceComponentTests;
			sourceTree = "<group>";
		};
		7D9628D7304A488700F9F7E5 /* SNPVoiceComponentUITests */ = {
			isa = PBXFileSystemSynchronizedRootGroup;
			path = SNPVoiceComponentUITests;
			sourceTree = "<group>";
		};
/* End PBXFileSystemSynchronizedRootGroup section */

/* Begin PBXFrameworksBuildPhase section */
		7D9628AC304A488600F9F7E5 /* Frameworks */ = {
			isa = PBXFrameworksBuildPhase;
			buildActionMask = 2147483647;
			files = (
			);
			runOnlyForDeploymentPostprocessing = 0;
		};
		7D9628C7304A488700F9F7E5 /* Frameworks */ = {
			isa = PBXFrameworksBuildPhase;
			buildActionMask = 2147483647;
			files = (
			);
			runOnlyForDeploymentPostprocessing = 0;
		};
		7D9628D1304A488700F9F7E5 /* Frameworks */ = {
			isa = PBXFrameworksBuildPhase;
			buildActionMask = 2147483647;
			files = (
			);
			runOnlyForDeploymentPostprocessing = 0;
		};
/* End PBXFrameworksBuildPhase section */

/* Begin PBXGroup section */
		7D9628A6304A488600F9F7E5 = {
			isa = PBXGroup;
			children = (
				7D9628B1304A488600F9F7E5 /* SNPVoiceComponent */,
				7D9628CD304A488700F9F7E5 /* SNPVoiceComponentTests */,
				7D9628D7304A488700F9F7E5 /* SNPVoiceComponentUITests */,
				7D9628B0304A488600F9F7E5 /* Products */,
			);
			sourceTree = "<group>";
		};
		7D9628B0304A488600F9F7E5 /* Products */ = {
			isa = PBXGroup;
			children = (
				7D9628AF304A488600F9F7E5 /* SNPVoiceComponent.app */,
				7D9628CA304A488700F9F7E5 /* SNPVoiceComponentTests.xctest */,
				7D9628D4304A488700F9F7E5 /* SNPVoiceComponentUITests.xctest */,
			);
			name = Products;
			sourceTree = "<group>";
		};
/* End PBXGroup section */

/* Begin PBXNativeTarget section */
		7D9628AE304A488600F9F7E5 /* SNPVoiceComponent */ = {
			isa = PBXNativeTarget;
			buildConfigurationList = 7D9628DD304A488700F9F7E5 /* Build configuration list for PBXNativeTarget "SNPVoiceComponent" */;
			buildPhases = (
				7D9628AB304A488600F9F7E5 /* Sources */,
				7D9628AC304A488600F9F7E5 /* Frameworks */,
				7D9628AD304A488600F9F7E5 /* Resources */,
			);
			buildRules = (
			);
			dependencies = (
			);
			fileSystemSynchronizedGroups = (
				7D9628B1304A488600F9F7E5 /* SNPVoiceComponent */,
			);
			name = SNPVoiceComponent;
			packageProductDependencies = (
			);
			productName = SNPVoiceComponent;
			productReference = 7D9628AF304A488600F9F7E5 /* SNPVoiceComponent.app */;
			productType = "com.apple.product-type.application";
		};
		7D9628C9304A488700F9F7E5 /* SNPVoiceComponentTests */ = {
			isa = PBXNativeTarget;
			buildConfigurationList = 7D9628E2304A488700F9F7E5 /* Build configuration list for PBXNativeTarget "SNPVoiceComponentTests" */;
			buildPhases = (
				7D9628C6304A488700F9F7E5 /* Sources */,
				7D9628C7304A488700F9F7E5 /* Frameworks */,
				7D9628C8304A488700F9F7E5 /* Resources */,
			);
			buildRules = (
			);
			dependencies = (
				7D9628CC304A488700F9F7E5 /* PBXTargetDependency */,
			);
			fileSystemSynchronizedGroups = (
				7D9628CD304A488700F9F7E5 /* SNPVoiceComponentTests */,
			);
			name = SNPVoiceComponentTests;
			packageProductDependencies = (
			);
			productName = SNPVoiceComponentTests;
			productReference = 7D9628CA304A488700F9F7E5 /* SNPVoiceComponentTests.xctest */;
			productType = "com.apple.product-type.bundle.unit-test";
		};
		7D9628D3304A488700F9F7E5 /* SNPVoiceComponentUITests */ = {
			isa = PBXNativeTarget;
			buildConfigurationList = 7D9628E5304A488700F9F7E5 /* Build configuration list for PBXNativeTarget "SNPVoiceComponentUITests" */;
			buildPhases = (
				7D9628D0304A488700F9F7E5 /* Sources */,
				7D9628D1304A488700F9F7E5 /* Frameworks */,
				7D9628D2304A488700F9F7E5 /* Resources */,
			);
			buildRules = (
			);
			dependencies = (
				7D9628D6304A488700F9F7E5 /* PBXTargetDependency */,
			);
			fileSystemSynchronizedGroups = (
				7D9628D7304A488700F9F7E5 /* SNPVoiceComponentUITests */,
			);
			name = SNPVoiceComponentUITests;
			packageProductDependencies = (
			);
			productName = SNPVoiceComponentUITests;
			productReference = 7D9628D4304A488700F9F7E5 /* SNPVoiceComponentUITests.xctest */;
			productType = "com.apple.product-type.bundle.ui-testing";
		};
/* End PBXNativeTarget section */

/* Begin PBXProject section */
		7D9628A7304A488600F9F7E5 /* Project object */ = {
			isa = PBXProject;
			attributes = {
				BuildIndependentTargetsInParallel = 1;
				LastUpgradeCheck = 2600;
				TargetAttributes = {
					7D9628AE304A488600F9F7E5 = {
						CreatedOnToolsVersion = 26.0.1;
					};
					7D9628C9304A488700F9F7E5 = {
						CreatedOnToolsVersion = 26.0.1;
						TestTargetID = 7D9628AE304A488600F9F7E5;
					};
					7D9628D3304A488700F9F7E5 = {
						CreatedOnToolsVersion = 26.0.1;
						TestTargetID = 7D9628AE304A488600F9F7E5;
					};
				};
			};
			buildConfigurationList = 7D9628AA304A488600F9F7E5 /* Build configuration list for PBXProject "SNPVoiceComponent" */;
			developmentRegion = en;
			hasScannedForEncodings = 0;
			knownRegions = (
				en,
				Base,
			);
			mainGroup = 7D9628A6304A488600F9F7E5;
			minimizedProjectReferenceProxies = 1;
			preferredProjectObjectVersion = 77;
			productRefGroup = 7D9628B0304A488600F9F7E5 /* Products */;
			projectDirPath = "";
			projectRoot = "";
			targets = (
				7D9628AE304A488600F9F7E5 /* SNPVoiceComponent */,
				7D9628C9304A488700F9F7E5 /* SNPVoiceComponentTests */,
				7D9628D3304A488700F9F7E5 /* SNPVoiceComponentUITests */,
			);
		};
/* End PBXProject section */

/* Begin PBXResourcesBuildPhase section */
		7D9628AD304A488600F9F7E5 /* Resources */ = {
			isa = PBXResourcesBuildPhase;
			buildActionMask = 2147483647;
			files = (
			);
			runOnlyForDeploymentPostprocessing = 0;
		};
		7D9628C8304A488700F9F7E5 /* Resources */ = {
			isa = PBXResourcesBuildPhase;
			buildActionMask = 2147483647;
			files = (
			);
			runOnlyForDeploymentPostprocessing = 0;
		};
		7D9628D2304A488700F9F7E5 /* Resources */ = {
			isa = PBXResourcesBuildPhase;
			buildActionMask = 2147483647;
			files = (
			);
			runOnlyForDeploymentPostprocessing = 0;
		};
/* End PBXResourcesBuildPhase section */

/* Begin PBXSourcesBuildPhase section */
		7D9628AB304A488600F9F7E5 /* Sources */ = {
			isa = PBXSourcesBuildPhase;
			buildActionMask = 2147483647;
			files = (
			);
			runOnlyForDeploymentPostprocessing = 0;
		};
		7D9628C6304A488700F9F7E5 /* Sources */ = {
			isa = PBXSourcesBuildPhase;
			buildActionMask = 2147483647;
			files = (
			);
			runOnlyForDeploymentPostprocessing = 0;
		};
		7D9628D0304A488700F9F7E5 /* Sources */ = {
			isa = PBXSourcesBuildPhase;
			buildActionMask = 2147483647;
			files = (
			);
			runOnlyForDeploymentPostprocessing = 0;
		};
/* End PBXSourcesBuildPhase section */

/* Begin PBXTargetDependency section */
		7D9628CC304A488700F9F7E5 /* PBXTargetDependency */ = {
			isa = PBXTargetDependency;
			target = 7D9628AE304A488600F9F7E5 /* SNPVoiceComponent */;
			targetProxy = 7D9628CB304A488700F9F7E5 /* PBXContainerItemProxy */;
		};
		7D9628D6304A488700F9F7E5 /* PBXTargetDependency */ = {
			isa = PBXTargetDependency;
			target = 7D9628AE304A488600F9F7E5 /* SNPVoiceComponent */;
			targetProxy = 7D9628D5304A488700F9F7E5 /* PBXContainerItemProxy */;
		};
/* End PBXTargetDependency section */

/* Begin XCBuildConfiguration section */
		7D9628DE304A488700F9F7E5 /* Debug */ = {
			isa = XCBuildConfiguration;
			buildSettings = {
				ASSETCATALOG_COMPILER_APPICON_NAME = AppIcon;
				ASSETCATALOG_COMPILER_GLOBAL_ACCENT_COLOR_NAME = AccentColor;
				CODE_SIGN_STYLE = Automatic;
				CURRENT_PROJECT_VERSION = 1;
				GENERATE_INFOPLIST_FILE = YES;
				INFOPLIST_FILE = SNPVoiceComponent/Info.plist;
				INFOPLIST_KEY_UIApplicationSupportsIndirectInputEvents = YES;
				INFOPLIST_KEY_UILaunchStoryboardName = LaunchScreen;
				INFOPLIST_KEY_UIMainStoryboardFile = Main;
				INFOPLIST_KEY_UISupportedInterfaceOrientations_iPad = "UIInterfaceOrientationPortrait UIInterfaceOrientationPortraitUpsideDown UIInterfaceOrientationLandscapeLeft UIInterfaceOrientationLandscapeRight";
				INFOPLIST_KEY_UISupportedInterfaceOrientations_iPhone = "UIInterfaceOrientationPortrait UIInterfaceOrientationLandscapeLeft UIInterfaceOrientationLandscapeRight";
				LD_RUNPATH_SEARCH_PATHS = (
					"$(inherited)",
					"@executable_path/Frameworks",
				);
				MARKETING_VERSION = 1.0;
				PRODUCT_BUNDLE_IDENTIFIER = com.sniper.tool.SNPVoiceComponent;
				PRODUCT_NAME = "$(TARGET_NAME)";
				STRING_CATALOG_GENERATE_SYMBOLS = YES;
				SWIFT_EMIT_LOC_STRINGS = YES;
				TARGETED_DEVICE_FAMILY = "1,2";
			};
			name = Debug;
		};
		7D9628DF304A488700F9F7E5 /* Release */ = {
			isa = XCBuildConfiguration;
			buildSettings = {
				ASSETCATALOG_COMPILER_APPICON_NAME = AppIcon;
				ASSETCATALOG_COMPILER_GLOBAL_ACCENT_COLOR_NAME = AccentColor;
				CODE_SIGN_STYLE = Automatic;
				CURRENT_PROJECT_VERSION = 1;
				GENERATE_INFOPLIST_FILE = YES;
				INFOPLIST_FILE = SNPVoiceComponent/Info.plist;
				INFOPLIST_KEY_UIApplicationSupportsIndirectInputEvents = YES;
				INFOPLIST_KEY_UILaunchStoryboardName = LaunchScreen;
				INFOPLIST_KEY_UIMainStoryboardFile = Main;
				INFOPLIST_KEY_UISupportedInterfaceOrientations_iPad = "UIInterfaceOrientationPortrait UIInterfaceOrientationPortraitUpsideDown UIInterfaceOrientationLandscapeLeft UIInterfaceOrientationLandscapeRight";
				INFOPLIST_KEY_UISupportedInterfaceOrientations_iPhone = "UIInterfaceOrientationPortrait UIInterfaceOrientationLandscapeLeft UIInterfaceOrientationLandscapeRight";
				LD_RUNPATH_SEARCH_PATHS = (
					"$(inherited)",
					"@executable_path/Frameworks",
				);
				MARKETING_VERSION = 1.0;
				PRODUCT_BUNDLE_IDENTIFIER = com.sniper.tool.SNPVoiceComponent;
				PRODUCT_NAME = "$(TARGET_NAME)";
				STRING_CATALOG_GENERATE_SYMBOLS = YES;
				SWIFT_EMIT_LOC_STRINGS = YES;
				TARGETED_DEVICE_FAMILY = "1,2";
			};
			name = Release;
		};
		7D9628E0304A488700F9F7E5 /* Debug */ = {
			isa = XCBuildConfiguration;
			buildSettings = {
				ALWAYS_SEARCH_USER_PATHS = NO;
				ASSETCATALOG_COMPILER_GENERATE_SWIFT_ASSET_SYMBOL_EXTENSIONS = YES;
				CLANG_ANALYZER_NONNULL = YES;
				CLANG_ANALYZER_NUMBER_OBJECT_CONVERSION = YES_AGGRESSIVE;
				CLANG_CXX_LANGUAGE_STANDARD = "gnu++20";
				CLANG_ENABLE_MODULES = YES;
				CLANG_ENABLE_OBJC_ARC = YES;
				CLANG_ENABLE_OBJC_WEAK = YES;
				CLANG_WARN_BLOCK_CAPTURE_AUTORELEASING = YES;
				CLANG_WARN_BOOL_CONVERSION = YES;
				CLANG_WARN_COMMA = YES;
				CLANG_WARN_CONSTANT_CONVERSION = YES;
				CLANG_WARN_DEPRECATED_OBJC_IMPLEMENTATIONS = YES;
				CLANG_WARN_DIRECT_OBJC_ISA_USAGE = YES_ERROR;
				CLANG_WARN_DOCUMENTATION_COMMENTS = YES;
				CLANG_WARN_EMPTY_BODY = YES;
				CLANG_WARN_ENUM_CONVERSION = YES;
				CLANG_WARN_INFINITE_RECURSION = YES;
				CLANG_WARN_INT_CONVERSION = YES;
				CLANG_WARN_NON_LITERAL_NULL_CONVERSION = YES;
				CLANG_WARN_OBJC_IMPLICIT_RETAIN_SELF = YES;
				CLANG_WARN_OBJC_LITERAL_CONVERSION = YES;
				CLANG_WARN_OBJC_ROOT_CLASS = YES_ERROR;
				CLANG_WARN_QUOTED_INCLUDE_IN_FRAMEWORK_HEADER = YES;
				CLANG_WARN_RANGE_LOOP_ANALYSIS = YES;
				CLANG_WARN_STRICT_PROTOTYPES = YES;
				CLANG_WARN_SUSPICIOUS_MOVE = YES;
				CLANG_WARN_UNGUARDED_AVAILABILITY = YES_AGGRESSIVE;
				CLANG_WARN_UNREACHABLE_CODE = YES;
				CLANG_WARN__DUPLICATE_METHOD_MATCH = YES;
				COPY_PHASE_STRIP = NO;
				DEBUG_INFORMATION_FORMAT = dwarf;
				ENABLE_STRICT_OBJC_MSGSEND = YES;
				ENABLE_TESTABILITY = YES;
				ENABLE_USER_SCRIPT_SANDBOXING = YES;
				GCC_C_LANGUAGE_STANDARD = gnu17;
				GCC_DYNAMIC_NO_PIC = NO;
				GCC_NO_COMMON_BLOCKS = YES;
				GCC_OPTIMIZATION_LEVEL = 0;
				GCC_PREPROCESSOR_DEFINITIONS = (
					"DEBUG=1",
					"$(inherited)",
				);
				GCC_WARN_64_TO_32_BIT_CONVERSION = YES;
				GCC_WARN_ABOUT_RETURN_TYPE = YES_ERROR;
				GCC_WARN_UNDECLARED_SELECTOR = YES;
				GCC_WARN_UNINITIALIZED_AUTOS = YES_AGGRESSIVE;
				GCC_WARN_UNUSED_FUNCTION = YES;
				GCC_WARN_UNUSED_VARIABLE = YES;
				IPHONEOS_DEPLOYMENT_TARGET = 26.0;
				LOCALIZATION_PREFERS_STRING_CATALOGS = YES;
				MTL_ENABLE_DEBUG_INFO = INCLUDE_SOURCE;
				MTL_FAST_MATH = YES;
				ONLY_ACTIVE_ARCH = YES;
				SDKROOT = iphoneos;
			};
			name = Debug;
		};
		7D9628E1304A488700F9F7E5 /* Release */ = {
			isa = XCBuildConfiguration;
			buildSettings = {
				ALWAYS_SEARCH_USER_PATHS = NO;
				ASSETCATALOG_COMPILER_GENERATE_SWIFT_ASSET_SYMBOL_EXTENSIONS = YES;
				CLANG_ANALYZER_NONNULL = YES;
				CLANG_ANALYZER_NUMBER_OBJECT_CONVERSION = YES_AGGRESSIVE;
				CLANG_CXX_LANGUAGE_STANDARD = "gnu++20";
				CLANG_ENABLE_MODULES = YES;
				CLANG_ENABLE_OBJC_ARC = YES;
				CLANG_ENABLE_OBJC_WEAK = YES;
				CLANG_WARN_BLOCK_CAPTURE_AUTORELEASING = YES;
				CLANG_WARN_BOOL_CONVERSION = YES;
				CLANG_WARN_COMMA = YES;
				CLANG_WARN_CONSTANT_CONVERSION = YES;
				CLANG_WARN_DEPRECATED_OBJC_IMPLEMENTATIONS = YES;
				CLANG_WARN_DIRECT_OBJC_ISA_USAGE = YES_ERROR;
				CLANG_WARN_DOCUMENTATION_COMMENTS = YES;
				CLANG_WARN_EMPTY_BODY = YES;
				CLANG_WARN_ENUM_CONVERSION = YES;
				CLANG_WARN_INFINITE_RECURSION = YES;
				CLANG_WARN_INT_CONVERSION = YES;
				CLANG_WARN_NON_LITERAL_NULL_CONVERSION = YES;
				CLANG_WARN_OBJC_IMPLICIT_RETAIN_SELF = YES;
				CLANG_WARN_OBJC_LITERAL_CONVERSION = YES;
				CLANG_WARN_OBJC_ROOT_CLASS = YES_ERROR;
				CLANG_WARN_QUOTED_INCLUDE_IN_FRAMEWORK_HEADER = YES;
				CLANG_WARN_RANGE_LOOP_ANALYSIS = YES;
				CLANG_WARN_STRICT_PROTOTYPES = YES;
				CLANG_WARN_SUSPICIOUS_MOVE = YES;
				CLANG_WARN_UNGUARDED_AVAILABILITY = YES_AGGRESSIVE;
				CLANG_WARN_UNREACHABLE_CODE = YES;
				CLANG_WARN__DUPLICATE_METHOD_MATCH = YES;
				COPY_PHASE_STRIP = NO;
				DEBUG_INFORMATION_FORMAT = "dwarf-with-dsym";
				ENABLE_NS_ASSERTIONS = NO;
				ENABLE_STRICT_OBJC_MSGSEND = YES;
				ENABLE_USER_SCRIPT_SANDBOXING = YES;
				GCC_C_LANGUAGE_STANDARD = gnu17;
				GCC_NO_COMMON_BLOCKS = YES;
				GCC_WARN_64_TO_32_BIT_CONVERSION = YES;
				GCC_WARN_ABOUT_RETURN_TYPE = YES_ERROR;
				GCC_WARN_UNDECLARED_SELECTOR = YES;
				GCC_WARN_UNINITIALIZED_AUTOS = YES_AGGRESSIVE;
				GCC_WARN_UNUSED_FUNCTION = YES;
				GCC_WARN_UNUSED_VARIABLE = YES;
				IPHONEOS_DEPLOYMENT_TARGET = 26.0;
				LOCALIZATION_PREFERS_STRING_CATALOGS = YES;
				MTL_ENABLE_DEBUG_INFO = NO;
				MTL_FAST_MATH = YES;
				SDKROOT = iphoneos;
				VALIDATE_PRODUCT = YES;
			};
			name = Release;
		};
		7D9628E3304A488700F9F7E5 /* Debug */ = {
			isa = XCBuildConfiguration;
			buildSettings = {
				BUNDLE_LOADER = "$(TEST_HOST)";
				CODE_SIGN_STYLE = Automatic;
				CURRENT_PROJECT_VERSION = 1;
				GENERATE_INFOPLIST_FILE = YES;
				IPHONEOS_DEPLOYMENT_TARGET = 26.0;
				MARKETING_VERSION = 1.0;
				PRODUCT_BUNDLE_IDENTIFIER = com.sniper.tool.SNPVoiceComponentTests;
				PRODUCT_NAME = "$(TARGET_NAME)";
				STRING_CATALOG_GENERATE_SYMBOLS = NO;
				SWIFT_EMIT_LOC_STRINGS = NO;
				TARGETED_DEVICE_FAMILY = "1,2";
				TEST_HOST = "$(BUILT_PRODUCTS_DIR)/SNPVoiceComponent.app/$(BUNDLE_EXECUTABLE_FOLDER_PATH)/SNPVoiceComponent";
			};
			name = Debug;
		};
		7D9628E4304A488700F9F7E5 /* Release */ = {
			isa = XCBuildConfiguration;
			buildSettings = {
				BUNDLE_LOADER = "$(TEST_HOST)";
				CODE_SIGN_STYLE = Automatic;
				CURRENT_PROJECT_VERSION = 1;
				GENERATE_INFOPLIST_FILE = YES;
				IPHONEOS_DEPLOYMENT_TARGET = 26.0;
				MARKETING_VERSION = 1.0;
				PRODUCT_BUNDLE_IDENTIFIER = com.sniper.tool.SNPVoiceComponentTests;
				PRODUCT_NAME = "$(TARGET_NAME)";
				STRING_CATALOG_GENERATE_SYMBOLS = NO;
				SWIFT_EMIT_LOC_STRINGS = NO;
				TARGETED_DEVICE_FAMILY = "1,2";
				TEST_HOST = "$(BUILT_PRODUCTS_DIR)/SNPVoiceComponent.app/$(BUNDLE_EXECUTABLE_FOLDER_PATH)/SNPVoiceComponent";
			};
			name = Release;
		};
		7D9628E6304A488700F9F7E5 /* Debug */ = {
			isa = XCBuildConfiguration;
			buildSettings = {
				CODE_SIGN_STYLE = Automatic;
				CURRENT_PROJECT_VERSION = 1;
				GENERATE_INFOPLIST_FILE = YES;
				MARKETING_VERSION = 1.0;
				PRODUCT_BUNDLE_IDENTIFIER = com.sniper.tool.SNPVoiceComponentUITests;
				PRODUCT_NAME = "$(TARGET_NAME)";
				STRING_CATALOG_GENERATE_SYMBOLS = NO;
				SWIFT_EMIT_LOC_STRINGS = NO;
				TARGETED_DEVICE_FAMILY = "1,2";
				TEST_TARGET_NAME = SNPVoiceComponent;
			};
			name = Debug;
		};
		7D9628E7304A488700F9F7E5 /* Release */ = {
			isa = XCBuildConfiguration;
			buildSettings = {
				CODE_SIGN_STYLE = Automatic;
				CURRENT_PROJECT_VERSION = 1;
				GENERATE_INFOPLIST_FILE = YES;
				MARKETING_VERSION = 1.0;
				PRODUCT_BUNDLE_IDENTIFIER = com.sniper.tool.SNPVoiceComponentUITests;
				PRODUCT_NAME = "$(TARGET_NAME)";
				STRING_CATALOG_GENERATE_SYMBOLS = NO;
				SWIFT_EMIT_LOC_STRINGS = NO;
				TARGETED_DEVICE_FAMILY = "1,2";
				TEST_TARGET_NAME = SNPVoiceComponent;
			};
			name = Release;
		};
/* End XCBuildConfiguration section */

/* Begin XCConfigurationList section */
		7D9628AA304A488600F9F7E5 /* Build configuration list for PBXProject "SNPVoiceComponent" */ = {
			isa = XCConfigurationList;
			buildConfigurations = (
				7D9628E0304A488700F9F7E5 /* Debug */,
				7D9628E1304A488700F9F7E5 /* Release */,
			);
			defaultConfigurationIsVisible = 0;
			defaultConfigurationName = Release;
		};
		7D9628DD304A488700F9F7E5 /* Build configuration list for PBXNativeTarget "SNPVoiceComponent" */ = {
			isa = XCConfigurationList;
			buildConfigurations = (
				7D9628DE304A488700F9F7E5 /* Debug */,
				7D9628DF304A488700F9F7E5 /* Release */,
			);
			defaultConfigurationIsVisible = 0;
			defaultConfigurationName = Release;
		};
		7D9628E2304A488700F9F7E5 /* Build configuration list for PBXNativeTarget "SNPVoiceComponentTests" */ = {
			isa = XCConfigurationList;
			buildConfigurations = (
				7D9628E3304A488700F9F7E5 /* Debug */,
				7D9628E4304A488700F9F7E5 /* Release */,
			);
			defaultConfigurationIsVisible = 0;
			defaultConfigurationName = Release;
		};
		7D9628E5304A488700F9F7E5 /* Build configuration list for PBXNativeTarget "SNPVoiceComponentUITests" */ = {
			isa = XCConfigurationList;
			buildConfigurations = (
				7D9628E6304A488700F9F7E5 /* Debug */,
				7D9628E7304A488700F9F7E5 /* Release */,
			);
			defaultConfigurationIsVisible = 0;
			defaultConfigurationName = Release;
		};
/* End XCConfigurationList section */
	};
	rootObject = 7D9628A7304A488600F9F7E5 /* Project object */;
}
